
Microsoft Visual Studio Solution File, Format Version 12.00
# Visual Studio Version 17
VisualStudioVersion = 17.0.31903.59
MinimumVisualStudioVersion = 10.0.40219.1
Project("{2150E333-8FDC-42A3-9474-1A3956D46DE8}") = "src", "src", "{827E0CD3-B72D-47B6-A68D-7590B98EB39B}"
EndProject
Project("{FAE04EC0-301F-11D3-BF4B-00C04F79EFBC}") = "Cms.Bff", "src\Cms.Bff\Cms.Bff.csproj", "{2D7F3FFD-085F-415F-BE74-43D9DA663541}"
EndProject
Project("{FAE04EC0-301F-11D3-BF4B-00C04F79EFBC}") = "Cms.FundData.Api", "src\Cms.FundData.Api\Cms.FundData.Api.csproj", "{D5958854-A5CD-4E52-B3D5-E18687DCE661}"
EndProject
Project("{2150E333-8FDC-42A3-9474-1A3956D46DE8}") = "tests", "tests", "{0AB3BF05-4346-4AA6-1389-037BE0695223}"
EndProject
Project("{FAE04EC0-301F-11D3-BF4B-00C04F79EFBC}") = "Cms.Bff.Tests", "tests\Cms.Bff.Tests\Cms.Bff.Tests.csproj", "{60F81C79-9857-4981-A4EC-0BA928141B9A}"
EndProject
Global
	GlobalSection(SolutionConfigurationPlatforms) = preSolution
		Debug|Any CPU = Debug|Any CPU
		Debug|x64 = Debug|x64
		Debug|x86 = Debug|x86
		Release|Any CPU = Release|Any CPU
		Release|x64 = Release|x64
		Release|x86 = Release|x86
	EndGlobalSection
	GlobalSection(ProjectConfigurationPlatforms) = postSolution
		{2D7F3FFD-085F-415F-BE74-43D9DA663541}.Debug|Any CPU.ActiveCfg = Debug|Any CPU
		{2D7F3FFD-085F-415F-BE74-43D9DA663541}.Debug|Any CPU.Build.0 = Debug|Any CPU
		{2D7F3FFD-085F-415F-BE74-43D9DA663541}.Debug|x64.ActiveCfg = Debug|Any CPU
		{2D7F3FFD-085F-415F-BE74-43D9DA663541}.Debug|x64.Build.0 = Debug|Any CPU
		{2D7F3FFD-085F-415F-BE74-43D9DA663541}.Debug|x86.ActiveCfg = Debug|Any CPU
		{2D7F3FFD-085F-415F-BE74-43D9DA663541}.Debug|x86.Build.0 = Debug|Any CPU
		{2D7F3FFD-085F-415F-BE74-43D9DA663541}.Release|Any CPU.ActiveCfg = Release|Any CPU
		{2D7F3FFD-085F-415F-BE74-43D9DA663541}.Release|Any CPU.Build.0 = Release|Any CPU
		{2D7F3FFD-085F-415F-BE74-43D9DA663541}.Release|x64.ActiveCfg = Release|Any CPU
		{2D7F3FFD-085F-415F-BE74-43D9DA663541}.Release|x64.Build.0 = Release|Any CPU
		{2D7F3FFD-085F-415F-BE74-43D9DA663541}.Release|x86.ActiveCfg = Release|Any CPU
		{2D7F3FFD-085F-415F-BE74-43D9DA663541}.Release|x86.Build.0 = Release|Any CPU
		{D5958854-A5CD-4E52-B3D5-E18687DCE661}.Debug|Any CPU.ActiveCfg = Debug|Any CPU
		{D5958854-A5CD-4E52-B3D5-E18687DCE661}.Debug|Any CPU.Build.0 = Debug|Any CPU
		{D5958854-A5CD-4E52-B3D5-E18687DCE661}.Debug|x64.ActiveCfg = Debug|Any CPU
		{D5958854-A5CD-4E52-B3D5-E18687DCE661}.Debug|x64.Build.0 = Debug|Any CPU
		{D5958854-A5CD-4E52-B3D5-E18687DCE661}.Debug|x86.ActiveCfg = Debug|Any CPU
		{D5958854-A5CD-4E52-B3D5-E18687DCE661}.Debug|x86.Build.0 = Debug|Any CPU
		{D5958854-A5CD-4E52-B3D5-E18687DCE661}.Release|Any CPU.ActiveCfg = Release|Any CPU
		{D5958854-A5CD-4E52-B3D5-E18687DCE661}.Release|Any CPU.Build.0 = Release|Any CPU
		{D5958854-A5CD-4E52-B3D5-E18687DCE661}.Release|x64.ActiveCfg = Release|Any CPU
		{D5958854-A5CD-4E52-B3D5-E18687DCE661}.Release|x64.Build.0 = Release|Any CPU
		{D5958854-A5CD-4E52-B3D5-E18687DCE661}.Release|x86.ActiveCfg = Release|Any CPU
		{D5958854-A5CD-4E52-B3D5-E18687DCE661}.Release|x86.Build.0 = Release|Any CPU
		{60F81C79-9857-4981-A4EC-0BA928141B9A}.Debug|Any CPU.ActiveCfg = Debug|Any CPU
		{60F81C79-9857-4981-A4EC-0BA928141B9A}.Debug|Any CPU.Build.0 = Debug|Any CPU
		{60F81C79-9857-4981-A4EC-0BA928141B9A}.Debug|x64.ActiveCfg = Debug|Any CPU
		{60F81C79-9857-4981-A4EC-0BA928141B9A}.Debug|x64.Build.0 = Debug|Any CPU
		{60F81C79-9857-4981-A4EC-0BA928141B9A}.Debug|x86.ActiveCfg = Debug|Any CPU
		{60F81C79-9857-4981-A4EC-0BA928141B9A}.Debug|x86.Build.0 = Debug|Any CPU
		{60F81C79-9857-4981-A4EC-0BA928141B9A}.Release|Any CPU.ActiveCfg = Release|Any CPU
		{60F81C79-9857-4981-A4EC-0BA928141B9A}.Release|Any CPU.Build.0 = Release|Any CPU
		{60F81C79-9857-4981-A4EC-0BA928141B9A}.Release|x64.ActiveCfg = Release|Any CPU
		{60F81C79-9857-4981-A4EC-0BA928141B9A}.Release|x64.Build.0 = Release|Any CPU
		{60F81C79-9857-4981-A4EC-0BA928141B9A}.Release|x86.ActiveCfg = Release|Any CPU
		{60F81C79-9857-4981-A4EC-0BA928141B9A}.Release|x86.Build.0 = Release|Any CPU
	EndGlobalSection
	GlobalSection(SolutionProperties) = preSolution
		HideSolutionNode = FALSE
	EndGlobalSection
	GlobalSection(NestedProjects) = preSolution
		{2D7F3FFD-085F-415F-BE74-43D9DA663541} = {827E0CD3-B72D-47B6-A68D-7590B98EB39B}
		{D5958854-A5CD-4E52-B3D5-E18687DCE661} = {827E0CD3-B72D-47B6-A68D-7590B98EB39B}
		{60F81C79-9857-4981-A4EC-0BA928141B9A} = {0AB3BF05-4346-4AA6-1389-037BE0695223}
	EndGlobalSection
EndGlobal
